
Microsoft Visual Studio Solution File, Format Version 12.00
# Visual Studio Version 16
VisualStudioVersion = 16.0.31624.102
MinimumVisualStudioVersion = 10.0.40219.1
Project("{FAE04EC0-301F-11D3-BF4B-00C04F79EFBC}") = "Kafka.Producer", "Kafka.Producer\Kafka.Producer.csproj", "{E83C596B-0055-4DAC-ACE9-D97587577B78}"
EndProject
Project("{FAE04EC0-301F-11D3-BF4B-00C04F79EFBC}") = "Kafka.Consumer", "Kafka.Consumer\Kafka.Consumer.csproj", "{9707D4E3-0172-4EA7-85C1-08416F4881E7}"
EndProject
Global
	GlobalSection(SolutionConfigurationPlatforms) = preSolution
		Debug|Any CPU = Debug|Any CPU
		Release|Any CPU = Release|Any CPU
	EndGlobalSection
	GlobalSection(ProjectConfigurationPlatforms) = postSolution
		{E83C596B-0055-4DAC-ACE9-D97587577B78}.Debug|Any CPU.ActiveCfg = Debug|Any CPU
		{E83C596B-0055-4DAC-ACE9-D97587577B78}.Debug|Any CPU.Build.0 = Debug|Any CPU
		{E83C596B-0055-4DAC-ACE9-D97587577B78}.Release|Any CPU.ActiveCfg = Release|Any CPU
		{E83C596B-0055-4DAC-ACE9-D97587577B78}.Release|Any CPU.Build.0 = Release|Any CPU
		{9707D4E3-0172-4EA7-85C1-08416F4881E7}.Debug|Any CPU.ActiveCfg = Debug|Any CPU
		{9707D4E3-0172-4EA7-85C1-08416F4881E7}.Debug|Any CPU.Build.0 = Debug|Any CPU
		{9707D4E3-0172-4EA7-85C1-08416F4881E7}.Release|Any CPU.ActiveCfg = Release|Any CPU
		{9707D4E3-0172-4EA7-85C1-08416F4881E7}.Release|Any CPU.Build.0 = Release|Any CPU
	EndGlobalSection
	GlobalSection(SolutionProperties) = preSolution
		HideSolutionNode = FALSE
	EndGlobalSection
	GlobalSection(ExtensibilityGlobals) = postSolution
		SolutionGuid = {661571BD-6452-46EF-9FB0-E39F063DCBDB}
	EndGlobalSection
EndGlobal
